
Microsoft Visual Studio Solution File, Format Version 12.00
# Visual Studio 15
VisualStudioVersion = 15.0.26124.0
MinimumVisualStudioVersion = 15.0.26124.0
Project("{2150E333-8FDC-42A3-9474-1A3956D46DE8}") = "src", "src", "{0E670A80-C524-4891-AC0C-B9BD7B9F7FCD}"
EndProject
Project("{2150E333-8FDC-42A3-9474-1A3956D46DE8}") = "Libraries", "Libraries", "{77D53F2F-8206-4850-9C86-E6C237E93C12}"
EndProject
Project("{FAE04EC0-301F-11D3-BF4B-00C04F79EFBC}") = "DataStructures", "src\Libraries\DataStructures\DataStructures.csproj", "{3522874A-0AD7-4939-8655-2357996AC9C3}"
EndProject
Project("{FAE04EC0-301F-11D3-BF4B-00C04F79EFBC}") = "SortingAlgorithms", "src\Libraries\SortingAlgorithms\SortingAlgorithms.csproj", "{6B733886-6E43-4000-8D29-EE3DED32B391}"
EndProject
Project("{FAE04EC0-301F-11D3-BF4B-00C04F79EFBC}") = "Test", "src\Test\Test.csproj", "{4E7F8902-511D-43B5-ABCA-DDC865EACFD4}"
EndProject
Project("{FAE04EC0-301F-11D3-BF4B-00C04F79EFBC}") = "Examples", "src\Examples\Examples.csproj", "{5B1791AD-36CD-4D5B-BC62-92F105C516B0}"
EndProject
Project("{FAE04EC0-301F-11D3-BF4B-00C04F79EFBC}") = "GraphAlgorithms", "src\Libraries\GraphAlgorithms\GraphAlgorithms.csproj", "{3414A8BD-05D4-4027-B716-0280B44DF3A4}"
EndProject
Project("{FAE04EC0-301F-11D3-BF4B-00C04F79EFBC}") = "StringAlgorithms", "src\Libraries\StringAlgorithms\StringAlgorithms.csproj", "{3B7F98FD-868E-471D-BD34-916B6A3B6397}"
EndProject
Global
	GlobalSection(SolutionConfigurationPlatforms) = preSolution
		Debug|Any CPU = Debug|Any CPU
		Debug|x64 = Debug|x64
		Debug|x86 = Debug|x86
		Release|Any CPU = Release|Any CPU
		Release|x64 = Release|x64
		Release|x86 = Release|x86
	EndGlobalSection
	GlobalSection(SolutionProperties) = preSolution
		HideSolutionNode = FALSE
	EndGlobalSection
	GlobalSection(ProjectConfigurationPlatforms) = postSolution
		{3522874A-0AD7-4939-8655-2357996AC9C3}.Debug|Any CPU.ActiveCfg = Debug|Any CPU
		{3522874A-0AD7-4939-8655-2357996AC9C3}.Debug|Any CPU.Build.0 = Debug|Any CPU
		{3522874A-0AD7-4939-8655-2357996AC9C3}.Debug|x64.ActiveCfg = Debug|Any CPU
		{3522874A-0AD7-4939-8655-2357996AC9C3}.Debug|x64.Build.0 = Debug|Any CPU
		{3522874A-0AD7-4939-8655-2357996AC9C3}.Debug|x86.ActiveCfg = Debug|Any CPU
		{3522874A-0AD7-4939-8655-2357996AC9C3}.Debug|x86.Build.0 = Debug|Any CPU
		{3522874A-0AD7-4939-8655-2357996AC9C3}.Release|Any CPU.ActiveCfg = Release|Any CPU
		{3522874A-0AD7-4939-8655-2357996AC9C3}.Release|Any CPU.Build.0 = Release|Any CPU
		{3522874A-0AD7-4939-8655-2357996AC9C3}.Release|x64.ActiveCfg = Release|Any CPU
		{3522874A-0AD7-4939-8655-2357996AC9C3}.Release|x64.Build.0 = Release|Any CPU
		{3522874A-0AD7-4939-8655-2357996AC9C3}.Release|x86.ActiveCfg = Release|Any CPU
		{3522874A-0AD7-4939-8655-2357996AC9C3}.Release|x86.Build.0 = Release|Any CPU
		{6B733886-6E43-4000-8D29-EE3DED32B391}.Debug|Any CPU.ActiveCfg = Debug|Any CPU
		{6B733886-6E43-4000-8D29-EE3DED32B391}.Debug|Any CPU.Build.0 = Debug|Any CPU
		{6B733886-6E43-4000-8D29-EE3DED32B391}.Debug|x64.ActiveCfg = Debug|Any CPU
		{6B733886-6E43-4000-8D29-EE3DED32B391}.Debug|x64.Build.0 = Debug|Any CPU
		{6B733886-6E43-4000-8D29-EE3DED32B391}.Debug|x86.ActiveCfg = Debug|Any CPU
		{6B733886-6E43-4000-8D29-EE3DED32B391}.Debug|x86.Build.0 = Debug|Any CPU
		{6B733886-6E43-4000-8D29-EE3DED32B391}.Release|Any CPU.ActiveCfg = Release|Any CPU
		{6B733886-6E43-4000-8D29-EE3DED32B391}.Release|Any CPU.Build.0 = Release|Any CPU
		{6B733886-6E43-4000-8D29-EE3DED32B391}.Release|x64.ActiveCfg = Release|Any CPU
		{6B733886-6E43-4000-8D29-EE3DED32B391}.Release|x64.Build.0 = Release|Any CPU
		{6B733886-6E43-4000-8D29-EE3DED32B391}.Release|x86.ActiveCfg = Release|Any CPU
		{6B733886-6E43-4000-8D29-EE3DED32B391}.Release|x86.Build.0 = Release|Any CPU
		{4E7F8902-511D-43B5-ABCA-DDC865EACFD4}.Debug|Any CPU.ActiveCfg = Debug|Any CPU
		{4E7F8902-511D-43B5-ABCA-DDC865EACFD4}.Debug|Any CPU.Build.0 = Debug|Any CPU
		{4E7F8902-511D-43B5-ABCA-DDC865EACFD4}.Debug|x64.ActiveCfg = Debug|Any CPU
		{4E7F8902-511D-43B5-ABCA-DDC865EACFD4}.Debug|x64.Build.0 = Debug|Any CPU
		{4E7F8902-511D-43B5-ABCA-DDC865EACFD4}.Debug|x86.ActiveCfg = Debug|Any CPU
		{4E7F8902-511D-43B5-ABCA-DDC865EACFD4}.Debug|x86.Build.0 = Debug|Any CPU
		{4E7F8902-511D-43B5-ABCA-DDC865EACFD4}.Release|Any CPU.ActiveCfg = Release|Any CPU
		{4E7F8902-511D-43B5-ABCA-DDC865EACFD4}.Release|Any CPU.Build.0 = Release|Any CPU
		{4E7F8902-511D-43B5-ABCA-DDC865EACFD4}.Release|x64.ActiveCfg = Release|Any CPU
		{4E7F8902-511D-43B5-ABCA-DDC865EACFD4}.Release|x64.Build.0 = Release|Any CPU
		{4E7F8902-511D-43B5-ABCA-DDC865EACFD4}.Release|x86.ActiveCfg = Release|Any CPU
		{4E7F8902-511D-43B5-ABCA-DDC865EACFD4}.Release|x86.Build.0 = Release|Any CPU
		{5B1791AD-36CD-4D5B-BC62-92F105C516B0}.Debug|Any CPU.ActiveCfg = Debug|Any CPU
		{5B1791AD-36CD-4D5B-BC62-92F105C516B0}.Debug|Any CPU.Build.0 = Debug|Any CPU
		{5B1791AD-36CD-4D5B-BC62-92F105C516B0}.Debug|x64.ActiveCfg = Debug|Any CPU
		{5B1791AD-36CD-4D5B-BC62-92F105C516B0}.Debug|x64.Build.0 = Debug|Any CPU
		{5B1791AD-36CD-4D5B-BC62-92F105C516B0}.Debug|x86.ActiveCfg = Debug|Any CPU
		{5B1791AD-36CD-4D5B-BC62-92F105C516B0}.Debug|x86.Build.0 = Debug|Any CPU
		{5B1791AD-36CD-4D5B-BC62-92F105C516B0}.Release|Any CPU.ActiveCfg = Release|Any CPU
		{5B1791AD-36CD-4D5B-BC62-92F105C516B0}.Release|Any CPU.Build.0 = Release|Any CPU
		{5B1791AD-36CD-4D5B-BC62-92F105C516B0}.Release|x64.ActiveCfg = Release|Any CPU
		{5B1791AD-36CD-4D5B-BC62-92F105C516B0}.Release|x64.Build.0 = Release|Any CPU
		{5B1791AD-36CD-4D5B-BC62-92F105C516B0}.Release|x86.ActiveCfg = Release|Any CPU
		{5B1791AD-36CD-4D5B-BC62-92F105C516B0}.Release|x86.Build.0 = Release|Any CPU
		{3414A8BD-05D4-4027-B716-0280B44DF3A4}.Debug|Any CPU.ActiveCfg = Debug|Any CPU
		{3414A8BD-05D4-4027-B716-0280B44DF3A4}.Debug|Any CPU.Build.0 = Debug|Any CPU
		{3414A8BD-05D4-4027-B716-0280B44DF3A4}.Debug|x64.ActiveCfg = Debug|Any CPU
		{3414A8BD-05D4-4027-B716-0280B44DF3A4}.Debug|x64.Build.0 = Debug|Any CPU
		{3414A8BD-05D4-4027-B716-0280B44DF3A4}.Debug|x86.ActiveCfg = Debug|Any CPU
		{3414A8BD-05D4-4027-B716-0280B44DF3A4}.Debug|x86.Build.0 = Debug|Any CPU
		{3414A8BD-05D4-4027-B716-0280B44DF3A4}.Release|Any CPU.ActiveCfg = Release|Any CPU
		{3414A8BD-05D4-4027-B716-0280B44DF3A4}.Release|Any CPU.Build.0 = Release|Any CPU
		{3414A8BD-05D4-4027-B716-0280B44DF3A4}.Release|x64.ActiveCfg = Release|Any CPU
		{3414A8BD-05D4-4027-B716-0280B44DF3A4}.Release|x64.Build.0 = Release|Any CPU
		{3414A8BD-05D4-4027-B716-0280B44DF3A4}.Release|x86.ActiveCfg = Release|Any CPU
		{3414A8BD-05D4-4027-B716-0280B44DF3A4}.Release|x86.Build.0 = Release|Any CPU
		{3B7F98FD-868E-471D-BD34-916B6A3B6397}.Debug|Any CPU.ActiveCfg = Debug|Any CPU
		{3B7F98FD-868E-471D-BD34-916B6A3B6397}.Debug|Any CPU.Build.0 = Debug|Any CPU
		{3B7F98FD-868E-471D-BD34-916B6A3B6397}.Debug|x64.ActiveCfg = Debug|Any CPU
		{3B7F98FD-868E-471D-BD34-916B6A3B6397}.Debug|x64.Build.0 = Debug|Any CPU
		{3B7F98FD-868E-471D-BD34-916B6A3B6397}.Debug|x86.ActiveCfg = Debug|Any CPU
		{3B7F98FD-868E-471D-BD34-916B6A3B6397}.Debug|x86.Build.0 = Debug|Any CPU
		{3B7F98FD-868E-471D-BD34-916B6A3B6397}.Release|Any CPU.ActiveCfg = Release|Any CPU
		{3B7F98FD-868E-471D-BD34-916B6A3B6397}.Release|Any CPU.Build.0 = Release|Any CPU
		{3B7F98FD-868E-471D-BD34-916B6A3B6397}.Release|x64.ActiveCfg = Release|Any CPU
		{3B7F98FD-868E-471D-BD34-916B6A3B6397}.Release|x64.Build.0 = Release|Any CPU
		{3B7F98FD-868E-471D-BD34-916B6A3B6397}.Release|x86.ActiveCfg = Release|Any CPU
		{3B7F98FD-868E-471D-BD34-916B6A3B6397}.Release|x86.Build.0 = Release|Any CPU
	EndGlobalSection
	GlobalSection(NestedProjects) = preSolution
		{77D53F2F-8206-4850-9C86-E6C237E93C12} = {0E670A80-C524-4891-AC0C-B9BD7B9F7FCD}
		{3522874A-0AD7-4939-8655-2357996AC9C3} = {77D53F2F-8206-4850-9C86-E6C237E93C12}
		{6B733886-6E43-4000-8D29-EE3DED32B391} = {77D53F2F-8206-4850-9C86-E6C237E93C12}
		{4E7F8902-511D-43B5-ABCA-DDC865EACFD4} = {0E670A80-C524-4891-AC0C-B9BD7B9F7FCD}
		{5B1791AD-36CD-4D5B-BC62-92F105C516B0} = {0E670A80-C524-4891-AC0C-B9BD7B9F7FCD}
		{3414A8BD-05D4-4027-B716-0280B44DF3A4} = {77D53F2F-8206-4850-9C86-E6C237E93C12}
		{3B7F98FD-868E-471D-BD34-916B6A3B6397} = {77D53F2F-8206-4850-9C86-E6C237E93C12}
	EndGlobalSection
EndGlobal
